
Microsoft Visual Studio Solution File, Format Version 12.00
# Visual Studio 14
VisualStudioVersion = 14.0.25420.1
MinimumVisualStudioVersion = 10.0.40219.1
Project("{FAE04EC0-301F-11D3-BF4B-00C04F79EFBC}") = "WindowsFormsControlLibrary1", "WindowsFormsControlLibrary1\WindowsFormsControlLibrary1.csproj", "{DC0B19BF-8AB3-48B6-B65C-1549B4EF7DBA}"
EndProject
Global
	GlobalSection(SolutionConfigurationPlatforms) = preSolution
		Debug|Any CPU = Debug|Any CPU
		Release|Any CPU = Release|Any CPU
	EndGlobalSection
	GlobalSection(ProjectConfigurationPlatforms) = postSolution
		{DC0B19BF-8AB3-48B6-B65C-1549B4EF7DBA}.Debug|Any CPU.ActiveCfg = Debug|Any CPU
		{DC0B19BF-8AB3-48B6-B65C-1549B4EF7DBA}.Debug|Any CPU.Build.0 = Debug|Any CPU
		{DC0B19BF-8AB3-48B6-B65C-1549B4EF7DBA}.Release|Any CPU.ActiveCfg = Release|Any CPU
		{DC0B19BF-8AB3-48B6-B65C-1549B4EF7DBA}.Release|Any CPU.Build.0 = Release|Any CPU
	EndGlobalSection
	GlobalSection(SolutionProperties) = preSolution
		HideSolutionNode = FALSE
	EndGlobalSection
EndGlobal
